
Microsoft Visual Studio Solution File, Format Version 12.00
# Visual Studio Version 17
VisualStudioVersion = 17.0.31903.59
MinimumVisualStudioVersion = 10.0.40219.1
Project("{9A19103F-16F7-4668-BE54-9A1E7A4F7556}") = "JwtWebApi", "JwtWebApi\JwtWebApi.csproj", "{5948F44E-2CCB-4FF4-85B1-42E101D0FF0D}"
EndProject
Global
	GlobalSection(SolutionConfigurationPlatforms) = preSolution
		Debug|Any CPU = Debug|Any CPU
		Release|Any CPU = Release|Any CPU
	EndGlobalSection
	GlobalSection(ProjectConfigurationPlatforms) = postSolution
		{5948F44E-2CCB-4FF4-85B1-42E101D0FF0D}.Debug|Any CPU.ActiveCfg = Debug|Any CPU
		{5948F44E-2CCB-4FF4-85B1-42E101D0FF0D}.Debug|Any CPU.Build.0 = Debug|Any CPU
		{5948F44E-2CCB-4FF4-85B1-42E101D0FF0D}.Release|Any CPU.ActiveCfg = Release|Any CPU
		{5948F44E-2CCB-4FF4-85B1-42E101D0FF0D}.Release|Any CPU.Build.0 = Release|Any CPU
	EndGlobalSection
	GlobalSection(SolutionProperties) = preSolution
		HideSolutionNode = FALSE
	EndGlobalSection
	GlobalSection(ExtensibilityGlobals) = postSolution
		SolutionGuid = {558305C2-32C7-4138-9D12-8E985315F6A0}
	EndGlobalSection
EndGlobal
